{
  "name": "@paircode/tool-voice",
  "version": "0.1.0",
  "lockfileVersion": 3,
  "requires": true,
  "packages": {
    "": {
      "name": "@paircode/tool-voice",
      "version": "0.1.0",
      "license": "MIT",
      "dependencies": {
        "@audio/loudness": "1.2.1",
        "@audio/note": "1.0.2",
        "@audio/onset": "1.0.1",
        "@audio/pitch-yin": "1.0.5",
        "@audio/stretch-wsola": "1.2.1",
        "@audio/tune-snap": "1.1.3"
      }
    },
    "node_modules/@audio/biquad": {
      "version": "1.2.1",
      "resolved": "https://registry.npmjs.org/@audio/biquad/-/biquad-1.2.1.tgz",
      "integrity": "sha512-VgTZPE/dcp379GhwFSvko/+OBDmZyTw+aPB7hPjblDWRWWEWda38eATObEzRJvHYGlICe/kohgTRxRCxNUB2CQ==",
      "license": "MIT",
      "engines": {
        "node": ">=18"
      },
      "funding": {
        "url": "https://github.com/sponsors/audiojs"
      }
    },
    "node_modules/@audio/loudness": {
      "version": "1.2.1",
      "resolved": "https://registry.npmjs.org/@audio/loudness/-/loudness-1.2.1.tgz",
      "integrity": "sha512-l7oR/JR5kIlYHnYWiQZwy5WelnXwsJ8Lal+wofpqDBrc/HECZ/qfDy1eK31rQ7uX58vlzLj+lwFzbcf1b56n2g==",
      "license": "MIT",
      "workspaces": [
        "packages/*"
      ],
      "dependencies": {
        "@audio/loudness-contrast": "^1.0.4",
        "@audio/loudness-dr": "^1.1.4",
        "@audio/loudness-lra": "^1.2.0",
        "@audio/loudness-lufs": "^1.1.0",
        "@audio/loudness-replaygain": "^1.2.0",
        "@audio/loudness-sounds": "^1.0.3",
        "@audio/loudness-truepeak": "^1.1.4"
      },
      "engines": {
        "node": ">=18"
      },
      "funding": {
        "url": "https://github.com/sponsors/audiojs"
      }
    },
    "node_modules/@audio/loudness-contrast": {
      "version": "1.0.4",
      "resolved": "https://registry.npmjs.org/@audio/loudness-contrast/-/loudness-contrast-1.0.4.tgz",
      "integrity": "sha512-EBXlOFxE+ztt26yNZHz0m8tQJzpoy+PykT1/JtlqUjj7Hp4SuFnYtH769wY/+hrDvQ0gNPNs3sF891E2Qt1jJQ==",
      "license": "MIT",
      "engines": {
        "node": ">=18"
      },
      "funding": {
        "url": "https://github.com/sponsors/audiojs"
      }
    },
    "node_modules/@audio/loudness-dr": {
      "version": "1.1.4",
      "resolved": "https://registry.npmjs.org/@audio/loudness-dr/-/loudness-dr-1.1.4.tgz",
      "integrity": "sha512-/7m0fLfmUEhJV3ndh9rFJMKv/v7GmL7KuvsrzHtA2PWd52ZZhIKy33ZvOaQWXyLWfNmop4RR9jXFch58FYoDnw==",
      "license": "MIT",
      "engines": {
        "node": ">=18"
      },
      "funding": {
        "url": "https://github.com/sponsors/audiojs"
      }
    },
    "node_modules/@audio/loudness-lra": {
      "version": "1.2.0",
      "resolved": "https://registry.npmjs.org/@audio/loudness-lra/-/loudness-lra-1.2.0.tgz",
      "integrity": "sha512-DOZsioHvqogYFsNLlPg8K39tOj7OtJfmnWlmEwU4ZL1bdjke+MTpS5q+nLbERbiGXKCijPwIcNVXDJTIu6BaGw==",
      "license": "MIT",
      "dependencies": {
        "@audio/biquad": "^1.2.0",
        "@audio/weighting-k": "^1.0.0"
      },
      "engines": {
        "node": ">=18"
      },
      "funding": {
        "url": "https://github.com/sponsors/audiojs"
      }
    },
    "node_modules/@audio/loudness-lufs": {
      "version": "1.1.0",
      "resolved": "https://registry.npmjs.org/@audio/loudness-lufs/-/loudness-lufs-1.1.0.tgz",
      "integrity": "sha512-cWy+G6UL1jZNh0qSgQTsxztwPGRrMLy0xq7rOZ4qSzjOvrfS7xzfCTeSQVhMUUHd/KnA6ys3lY6JBpI5mEOrcw==",
      "license": "MIT",
      "dependencies": {
        "@audio/biquad": "^1.2.0",
        "@audio/weighting-k": "^1.0.0"
      },
      "engines": {
        "node": ">=18"
      },
      "funding": {
        "url": "https://github.com/sponsors/audiojs"
      }
    },
    "node_modules/@audio/loudness-replaygain": {
      "version": "1.2.0",
      "resolved": "https://registry.npmjs.org/@audio/loudness-replaygain/-/loudness-replaygain-1.2.0.tgz",
      "integrity": "sha512-WHGllCViIsT248mHXDFW+HYAHBEPC+oRBdyTWZKedah2aMIE4JmfVFVk/mhRNROLnwdaMqPA+futoTYoZ4D+4g==",
      "license": "MIT",
      "dependencies": {
        "@audio/loudness-lufs": "^1.1.0"
      },
      "engines": {
        "node": ">=18"
      },
      "funding": {
        "url": "https://github.com/sponsors/audiojs"
      }
    },
    "node_modules/@audio/loudness-sounds": {
      "version": "1.0.3",
      "resolved": "https://registry.npmjs.org/@audio/loudness-sounds/-/loudness-sounds-1.0.3.tgz",
      "integrity": "sha512-fk7FuJoYbiX2rwapntnBQbqFBGC2FTU7T0kn3LS1/wnQEJVnTNWdeMScVoo4m//AaTfsxf4gSkIY0NKoLiEHlg==",
      "license": "MIT",
      "engines": {
        "node": ">=18"
      },
      "funding": {
        "url": "https://github.com/sponsors/audiojs"
      }
    },
    "node_modules/@audio/loudness-truepeak": {
      "version": "1.1.4",
      "resolved": "https://registry.npmjs.org/@audio/loudness-truepeak/-/loudness-truepeak-1.1.4.tgz",
      "integrity": "sha512-vK47H04Qt46JMEfPgeRLtTG4+chxoO17zni7FGB/LWuavs5eglPvFJGzvb+iOnGrZ9/Jq+DbZahL9Ijaii6FrA==",
      "license": "MIT",
      "dependencies": {
        "@audio/resample-sinc": "^1.0.0"
      },
      "engines": {
        "node": ">=18"
      },
      "funding": {
        "url": "https://github.com/sponsors/audiojs"
      }
    },
    "node_modules/@audio/note": {
      "version": "1.0.2",
      "resolved": "https://registry.npmjs.org/@audio/note/-/note-1.0.2.tgz",
      "integrity": "sha512-T0Rbalc7+g+L4C9hhMT9+EfsHbh6CD+qW8vWc755ea0enT3oMKYYL7ALRCC5OKU4IhD8KwJ7zcjjpf7dHzxXHw==",
      "license": "MIT",
      "engines": {
        "node": ">=18"
      },
      "funding": {
        "url": "https://github.com/sponsors/audiojs"
      }
    },
    "node_modules/@audio/onset": {
      "version": "1.0.1",
      "resolved": "https://registry.npmjs.org/@audio/onset/-/onset-1.0.1.tgz",
      "integrity": "sha512-uO9RLWHNCMpbeIQszlc+J8ggZGT03nnfWT8++Ll25VhcJdKN3hIfAgwxAxjWbSgcXyKS17N7ba4HSVP7Wcxtag==",
      "license": "MIT",
      "dependencies": {
        "fourier-transform": "^2.2.0",
        "window-function": "^3.0.0"
      },
      "engines": {
        "node": ">=18"
      },
      "funding": {
        "url": "https://github.com/sponsors/audiojs"
      }
    },
    "node_modules/@audio/pitch-yin": {
      "version": "1.0.5",
      "resolved": "https://registry.npmjs.org/@audio/pitch-yin/-/pitch-yin-1.0.5.tgz",
      "integrity": "sha512-qYtpfznWJ0fEhBV1o/qC2YA0RCYS8AQFA/uNkhS6ul5irsFKYY+r65kPPm/kT82YD8mCZoHu+vuG6Yby6D/kfA==",
      "license": "MIT",
      "engines": {
        "node": ">=18"
      },
      "funding": {
        "url": "https://github.com/sponsors/audiojs"
      }
    },
    "node_modules/@audio/resample-sinc": {
      "version": "1.1.2",
      "resolved": "https://registry.npmjs.org/@audio/resample-sinc/-/resample-sinc-1.1.2.tgz",
      "integrity": "sha512-AkV5082Bu8posQPmRFHAEYs7CJT9bH9IxtVzNozgN+7x7QY+1gl50GufqYn986aeMS5ewJvhdZx+DBTHrn8iow==",
      "license": "MIT",
      "engines": {
        "node": ">=18"
      },
      "funding": {
        "url": "https://github.com/sponsors/audiojs"
      }
    },
    "node_modules/@audio/shift-psola": {
      "version": "1.0.3",
      "resolved": "https://registry.npmjs.org/@audio/shift-psola/-/shift-psola-1.0.3.tgz",
      "integrity": "sha512-H4YDxjWtWMGoftDN/UX38XTAxxgL2QfxCC9eczux3y14iYep00MU0eKlTgDlmrcytvdXn+smAHJ47Pe9oUtmcA==",
      "license": "MIT",
      "dependencies": {
        "@audio/resample-sinc": "^1.1.0",
        "@audio/stretch-psola": "^1.0.1"
      },
      "engines": {
        "node": ">=18"
      },
      "funding": {
        "url": "https://github.com/sponsors/audiojs"
      }
    },
    "node_modules/@audio/stretch-psola": {
      "version": "1.2.1",
      "resolved": "https://registry.npmjs.org/@audio/stretch-psola/-/stretch-psola-1.2.1.tgz",
      "integrity": "sha512-4QUoNjb114cRdx3YQ7qajjUySQtrXpwX1R1BskovJz1psu74Cuurw+SWbyIZa94P5ny9gOU94B1rBLckGXDu5w==",
      "license": "MIT",
      "dependencies": {
        "@audio/stretch-wsola": "^1.0.0"
      },
      "engines": {
        "node": ">=18"
      },
      "funding": {
        "url": "https://github.com/sponsors/audiojs"
      }
    },
    "node_modules/@audio/stretch-wsola": {
      "version": "1.2.1",
      "resolved": "https://registry.npmjs.org/@audio/stretch-wsola/-/stretch-wsola-1.2.1.tgz",
      "integrity": "sha512-8Wwwdag0YZw+RHt5Zqnsh08jlOZnFhlPtzVk9XDy5VvV9SKD1wq+f8b7Jh+vUBOeHPpB9VhT660jkEqPqIpV+w==",
      "license": "MIT",
      "engines": {
        "node": ">=18"
      },
      "funding": {
        "url": "https://github.com/sponsors/audiojs"
      }
    },
    "node_modules/@audio/tune-snap": {
      "version": "1.1.3",
      "resolved": "https://registry.npmjs.org/@audio/tune-snap/-/tune-snap-1.1.3.tgz",
      "integrity": "sha512-o3FB4j5P57EPA6V0akdDDD6Hs1ekB1to7/udkQbe2zQAaCuE8RieIr9ZHyH+pACyZ5bSicUe6hP3gbtpzSqwkQ==",
      "license": "MIT",
      "dependencies": {
        "@audio/note": "^1.0.0",
        "@audio/pitch-yin": "^1.0.0",
        "@audio/shift-psola": "^1.0.0"
      },
      "engines": {
        "node": ">=18"
      },
      "funding": {
        "url": "https://github.com/sponsors/audiojs"
      }
    },
    "node_modules/@audio/weighting-k": {
      "version": "1.1.2",
      "resolved": "https://registry.npmjs.org/@audio/weighting-k/-/weighting-k-1.1.2.tgz",
      "integrity": "sha512-0XtiwcQzplDmgsZvYuAcRcDm5qbXufYjauEWHxo00DSeW9k1JGQIb+qt3vfClN+miBwRdvpWYBFLbOmUZD8tow==",
      "license": "MIT",
      "dependencies": {
        "@audio/biquad": "^1.1.0"
      },
      "engines": {
        "node": ">=18"
      },
      "funding": {
        "url": "https://github.com/sponsors/audiojs"
      }
    },
    "node_modules/fourier-transform": {
      "version": "2.4.1",
      "resolved": "https://registry.npmjs.org/fourier-transform/-/fourier-transform-2.4.1.tgz",
      "integrity": "sha512-NwMVCmCjVrKH1bu5BTQ9c2OQVpkddLPQiBcd74VJNpbQ7bnwBsQrodLMWgaT4ge+Su0w5Zc6Al0gtHy5lYYIJA==",
      "license": "MIT",
      "funding": {
        "url": "https://github.com/sponsors/audiojs"
      }
    },
    "node_modules/window-function": {
      "version": "3.0.2",
      "resolved": "https://registry.npmjs.org/window-function/-/window-function-3.0.2.tgz",
      "integrity": "sha512-MyN8QESmxgiFTU5zGjB4vTrhCs6H3d/7u46VaqwIz2qCsU0IP2+OY9oQQe77mHP+5roWh6zkivRnGOha0dbtsA==",
      "license": "MIT",
      "engines": {
        "node": ">=18"
      },
      "funding": {
        "url": "https://github.com/sponsors/audiojs"
      }
    }
  }
}
